{
  "name": "install-group",
  "version": "0.0.0-semantically-released",
  "lockfileVersion": 3,
  "requires": true,
  "packages": {
    "": {
      "name": "install-group",
      "version": "0.0.0-semantically-released",
      "license": "MIT",
      "bin": {
        "install-group": "index.js"
      },
      "devDependencies": {},
      "engines": {
        "node": ">=14"
      },
      "funding": {
        "type": "individual",
        "url": "https://github.com/sponsors/ahmadnassri"
      }
    }
  }
}
